{
  "originHash" : "fc3a882aa773482032eaca9611e0f748bc4c083a19734e8f887ce08c49218b62",
  "pins" : [
    {
      "identity" : "keyboard",
      "kind" : "remoteSourceControl",
      "location" : "https://github.com/AudioKit/Keyboard.git",
      "state" : {
        "revision" : "538dea4edb44ba5de0cdc318ae1904f5ee8fb12f",
        "version" : "1.3.7"
      }
    },
    {
      "identity" : "tonic",
      "kind" : "remoteSourceControl",
      "location" : "https://github.com/AudioKit/Tonic.git",
      "state" : {
        "revision" : "ed84c6add1c34895c8548632d50a19e9125b28d8",
        "version" : "1.4.0"
      }
    }
  ],
  "version" : 3
}
