// !$*UTF8*$!
{
	archiveVersion = 1;
	classes = {
	};
	objectVersion = 56;
	objects = {

/* Begin PBXBuildFile section */
		AF4B40902B061DDD00FAACBF /* RNBOEventHandler.mm in Sources */ = {isa = PBXBuildFile; fileRef = AF4B408E2B061DDD00FAACBF /* RNBOEventHandler.mm */; };
		AF4B40912B061DDD00FAACBF /* RNBOList.mm in Sources */ = {isa = PBXBuildFile; fileRef = AF4B408F2B061DDD00FAACBF /* RNBOList.mm */; };
		AF4B40932B06326800FAACBF /* RNBOEventHandler.swift in Sources */ = {isa = PBXBuildFile; fileRef = AF4B40922B06326800FAACBF /* RNBOEventHandler.swift */; };
		AF4B409B2B06C4B100FAACBF /* Keyboard in Frameworks */ = {isa = PBXBuildFile; platformFilters = (ios, macos, ); productRef = AF4B409A2B06C4B100FAACBF /* Keyboard */; };
		AF865DE82B0A381B0019FB28 /* MIDIHelpers.swift in Sources */ = {isa = PBXBuildFile; fileRef = AF865DE72B0A381B0019FB28 /* MIDIHelpers.swift */; };
		AFEBC8E22B079BD80097D64B /* Buttons.swift in Sources */ = {isa = PBXBuildFile; fileRef = AFEBC8E12B079BD80097D64B /* Buttons.swift */; };
		AFEBC8E42B079C150097D64B /* AudioKitKeyboard.swift in Sources */ = {isa = PBXBuildFile; fileRef = AFEBC8E32B079C150097D64B /* AudioKitKeyboard.swift */; };
		AFF2B41E29A2090200068DD0 /* SwiftRNBO_Example_multiplatfrom_SwiftUIApp.swift in Sources */ = {isa = PBXBuildFile; fileRef = AFF2B41D29A2090200068DD0 /* SwiftRNBO_Example_multiplatfrom_SwiftUIApp.swift */; };
		AFF2B42029A2090200068DD0 /* ContentView.swift in Sources */ = {isa = PBXBuildFile; fileRef = AFF2B41F29A2090200068DD0 /* ContentView.swift */; };
		AFF2B42229A2090300068DD0 /* Assets.xcassets in Resources */ = {isa = PBXBuildFile; fileRef = AFF2B42129A2090300068DD0 /* Assets.xcassets */; };
		AFF2B42629A2090300068DD0 /* Preview Assets.xcassets in Resources */ = {isa = PBXBuildFile; fileRef = AFF2B42529A2090300068DD0 /* Preview Assets.xcassets */; };
		AFF2B4EB29A2094600068DD0 /* RNBOAudioEngine.swift in Sources */ = {isa = PBXBuildFile; fileRef = AFF2B43229A2093F00068DD0 /* RNBOAudioEngine.swift */; };
		AFF2B4EC29A2094600068DD0 /* RNBOParameter.swift in Sources */ = {isa = PBXBuildFile; fileRef = AFF2B43029A2093F00068DD0 /* RNBOParameter.swift */; };
		AFF2B4ED29A2094600068DD0 /* RNBOAudioUnitHostModel.swift in Sources */ = {isa = PBXBuildFile; fileRef = AFF2B43129A2093F00068DD0 /* RNBOAudioUnitHostModel.swift */; };
		AFF2B4EE29A2094900068DD0 /* RNBOAudioUnit.mm in Sources */ = {isa = PBXBuildFile; fileRef = AFF2B43529A2093F00068DD0 /* RNBOAudioUnit.mm */; };
		AFF2B4EF29A2094D00068DD0 /* dependencies.json in Resources */ = {isa = PBXBuildFile; fileRef = AFF2B4E529A2093F00068DD0 /* dependencies.json */; };
		AFF2B4F029A2094D00068DD0 /* presets.json in Resources */ = {isa = PBXBuildFile; fileRef = AFF2B4E629A2093F00068DD0 /* presets.json */; };
		AFF2B4F129A2094D00068DD0 /* description.json in Resources */ = {isa = PBXBuildFile; fileRef = AFF2B4E829A2093F00068DD0 /* description.json */; };
		AFF2B4F229A2094D00068DD0 /* rnbo_source.cpp in Sources */ = {isa = PBXBuildFile; fileRef = AFF2B4E729A2093F00068DD0 /* rnbo_source.cpp */; };
		AFF2B4F329A2095300068DD0 /* RNBO.cpp in Sources */ = {isa = PBXBuildFile; fileRef = AFF2B48929A2093F00068DD0 /* RNBO.cpp */; };
		AFF2B4F529A2097600068DD0 /* media in Resources */ = {isa = PBXBuildFile; fileRef = AFF2B4F429A2097600068DD0 /* media */; };
		AFF2B4FA29A20A3900068DD0 /* Sliders.swift in Sources */ = {isa = PBXBuildFile; fileRef = AFF2B4F729A20A3500068DD0 /* Sliders.swift */; };
		AFF4B5222A006A8200087CB8 /* Synth.aif in Resources */ = {isa = PBXBuildFile; fileRef = AFF4B5212A0069D800087CB8 /* Synth.aif */; };
		AFFCBE422B09019A00800A23 /* RNBODescription.swift in Sources */ = {isa = PBXBuildFile; fileRef = AFFCBE412B09019A00800A23 /* RNBODescription.swift */; };
		AFFCBE442B09079000800A23 /* DescriptionView.swift in Sources */ = {isa = PBXBuildFile; fileRef = AFFCBE432B09079000800A23 /* DescriptionView.swift */; };
		AFFCBE462B09575300800A23 /* SliderView.swift in Sources */ = {isa = PBXBuildFile; fileRef = AFFCBE452B09575300800A23 /* SliderView.swift */; };
/* End PBXBuildFile section */

/* Begin PBXFileReference section */
		AF4B408B2B061DDD00FAACBF /* RNBOEventHandler.hpp */ = {isa = PBXFileReference; lastKnownFileType = sourcecode.cpp.h; path = RNBOEventHandler.hpp; sourceTree = "<group>"; };
		AF4B408C2B061DDD00FAACBF /* RNBOList.h */ = {isa = PBXFileReference; lastKnownFileType = sourcecode.c.h; path = RNBOList.h; sourceTree = "<group>"; };
		AF4B408D2B061DDD00FAACBF /* RNBOEventHandlerProtocol.h */ = {isa = PBXFileReference; lastKnownFileType = sourcecode.c.h; path = RNBOEventHandlerProtocol.h; sourceTree = "<group>"; };
		AF4B408E2B061DDD00FAACBF /* RNBOEventHandler.mm */ = {isa = PBXFileReference; lastKnownFileType = sourcecode.cpp.objcpp; path = RNBOEventHandler.mm; sourceTree = "<group>"; };
		AF4B408F2B061DDD00FAACBF /* RNBOList.mm */ = {isa = PBXFileReference; lastKnownFileType = sourcecode.cpp.objcpp; path = RNBOList.mm; sourceTree = "<group>"; };
		AF4B40922B06326800FAACBF /* RNBOEventHandler.swift */ = {isa = PBXFileReference; lastKnownFileType = sourcecode.swift; path = RNBOEventHandler.swift; sourceTree = "<group>"; };
		AF865DE72B0A381B0019FB28 /* MIDIHelpers.swift */ = {isa = PBXFileReference; lastKnownFileType = sourcecode.swift; path = MIDIHelpers.swift; sourceTree = "<group>"; };
		AFA214B62B20D01000BCD4E6 /* SwiftRNBO-Example-multiplatfrom-SwiftUI-Info.plist */ = {isa = PBXFileReference; lastKnownFileType = text.plist; path = "SwiftRNBO-Example-multiplatfrom-SwiftUI-Info.plist"; sourceTree = SOURCE_ROOT; };
		AFEBC8E12B079BD80097D64B /* Buttons.swift */ = {isa = PBXFileReference; lastKnownFileType = sourcecode.swift; path = Buttons.swift; sourceTree = "<group>"; };
		AFEBC8E32B079C150097D64B /* AudioKitKeyboard.swift */ = {isa = PBXFileReference; lastKnownFileType = sourcecode.swift; path = AudioKitKeyboard.swift; sourceTree = "<group>"; };
		AFF2B41A29A2090200068DD0 /* SwiftRNBO_Example_multiplatfrom_SwiftUI.app */ = {isa = PBXFileReference; explicitFileType = wrapper.application; includeInIndex = 0; path = SwiftRNBO_Example_multiplatfrom_SwiftUI.app; sourceTree = BUILT_PRODUCTS_DIR; };
		AFF2B41D29A2090200068DD0 /* SwiftRNBO_Example_multiplatfrom_SwiftUIApp.swift */ = {isa = PBXFileReference; lastKnownFileType = sourcecode.swift; path = SwiftRNBO_Example_multiplatfrom_SwiftUIApp.swift; sourceTree = "<group>"; };
		AFF2B41F29A2090200068DD0 /* ContentView.swift */ = {isa = PBXFileReference; lastKnownFileType = sourcecode.swift; path = ContentView.swift; sourceTree = "<group>"; };
		AFF2B42129A2090300068DD0 /* Assets.xcassets */ = {isa = PBXFileReference; lastKnownFileType = folder.assetcatalog; path = Assets.xcassets; sourceTree = "<group>"; };
		AFF2B42329A2090300068DD0 /* SwiftRNBO_Example_multiplatfrom_SwiftUI.entitlements */ = {isa = PBXFileReference; lastKnownFileType = text.plist.entitlements; path = SwiftRNBO_Example_multiplatfrom_SwiftUI.entitlements; sourceTree = "<group>"; };
		AFF2B42529A2090300068DD0 /* Preview Assets.xcassets */ = {isa = PBXFileReference; lastKnownFileType = folder.assetcatalog; path = "Preview Assets.xcassets"; sourceTree = "<group>"; };
		AFF2B43029A2093F00068DD0 /* RNBOParameter.swift */ = {isa = PBXFileReference; lastKnownFileType = sourcecode.swift; path = RNBOParameter.swift; sourceTree = "<group>"; };
		AFF2B43129A2093F00068DD0 /* RNBOAudioUnitHostModel.swift */ = {isa = PBXFileReference; lastKnownFileType = sourcecode.swift; path = RNBOAudioUnitHostModel.swift; sourceTree = "<group>"; };
		AFF2B43229A2093F00068DD0 /* RNBOAudioEngine.swift */ = {isa = PBXFileReference; lastKnownFileType = sourcecode.swift; path = RNBOAudioEngine.swift; sourceTree = "<group>"; };
		AFF2B43429A2093F00068DD0 /* RNBO-Bridging-Header.h */ = {isa = PBXFileReference; lastKnownFileType = sourcecode.c.h; path = "RNBO-Bridging-Header.h"; sourceTree = "<group>"; };
		AFF2B43529A2093F00068DD0 /* RNBOAudioUnit.mm */ = {isa = PBXFileReference; lastKnownFileType = sourcecode.cpp.objcpp; path = RNBOAudioUnit.mm; sourceTree = "<group>"; };
		AFF2B43629A2093F00068DD0 /* RNBOAudioUnit.h */ = {isa = PBXFileReference; lastKnownFileType = sourcecode.c.h; path = RNBOAudioUnit.h; sourceTree = "<group>"; };
		AFF2B43929A2093F00068DD0 /* RNBO.h */ = {isa = PBXFileReference; lastKnownFileType = sourcecode.c.h; path = RNBO.h; sourceTree = "<group>"; };
		AFF2B43A29A2093F00068DD0 /* LICENSE */ = {isa = PBXFileReference; lastKnownFileType = text; path = LICENSE; sourceTree = "<group>"; };
		AFF2B43C29A2093F00068DD0 /* main.cpp */ = {isa = PBXFileReference; lastKnownFileType = sourcecode.cpp.cpp; path = main.cpp; sourceTree = "<group>"; };
		AFF2B43E29A2093F00068DD0 /* RNBODescriptionHeader.cmake */ = {isa = PBXFileReference; lastKnownFileType = text; path = RNBODescriptionHeader.cmake; sourceTree = "<group>"; };
		AFF2B43F29A2093F00068DD0 /* CCache.cmake */ = {isa = PBXFileReference; lastKnownFileType = text; path = CCache.cmake; sourceTree = "<group>"; };
		AFF2B44029A2093F00068DD0 /* RNBOConan.cmake */ = {isa = PBXFileReference; lastKnownFileType = text; path = RNBOConan.cmake; sourceTree = "<group>"; };
		AFF2B44129A2093F00068DD0 /* conan.cmake */ = {isa = PBXFileReference; lastKnownFileType = text; path = conan.cmake; sourceTree = "<group>"; };
		AFF2B44229A2093F00068DD0 /* rnbo_description.h.in */ = {isa = PBXFileReference; lastKnownFileType = text; path = rnbo_description.h.in; sourceTree = "<group>"; };
		AFF2B44329A2093F00068DD0 /* SCCache.cmake */ = {isa = PBXFileReference; lastKnownFileType = text; path = SCCache.cmake; sourceTree = "<group>"; };
		AFF2B44429A2093F00068DD0 /* RNBOJuce.cmake */ = {isa = PBXFileReference; lastKnownFileType = text; path = RNBOJuce.cmake; sourceTree = "<group>"; };
		AFF2B44529A2093F00068DD0 /* MinGWSTDThreads.cmake */ = {isa = PBXFileReference; lastKnownFileType = text; path = MinGWSTDThreads.cmake; sourceTree = "<group>"; };
		AFF2B44729A2093F00068DD0 /* RNBO_External.h */ = {isa = PBXFileReference; lastKnownFileType = sourcecode.c.h; path = RNBO_External.h; sourceTree = "<group>"; };
		AFF2B44829A2093F00068DD0 /* RNBO_DllExternal.h */ = {isa = PBXFileReference; lastKnownFileType = sourcecode.c.h; path = RNBO_DllExternal.h; sourceTree = "<group>"; };
		AFF2B44929A2093F00068DD0 /* ext_rnbo.h */ = {isa = PBXFileReference; lastKnownFileType = sourcecode.c.h; path = ext_rnbo.h; sourceTree = "<group>"; };
		AFF2B44C29A2093F00068DD0 /* RNBO_JuceAudioProcessor.cpp */ = {isa = PBXFileReference; lastKnownFileType = sourcecode.cpp.cpp; path = RNBO_JuceAudioProcessor.cpp; sourceTree = "<group>"; };
		AFF2B44E29A2093F00068DD0 /* common.cpp */ = {isa = PBXFileReference; lastKnownFileType = sourcecode.cpp.cpp; path = common.cpp; sourceTree = "<group>"; };
		AFF2B44F29A2093F00068DD0 /* AUInfo.plist.in */ = {isa = PBXFileReference; lastKnownFileType = text.xml; path = AUInfo.plist.in; sourceTree = "<group>"; };
		AFF2B45029A2093F00068DD0 /* VST3Info.plist.in */ = {isa = PBXFileReference; lastKnownFileType = text.xml; path = VST3Info.plist.in; sourceTree = "<group>"; };
		AFF2B45129A2093F00068DD0 /* vst3.cpp */ = {isa = PBXFileReference; lastKnownFileType = sourcecode.cpp.cpp; path = vst3.cpp; sourceTree = "<group>"; };
		AFF2B45229A2093F00068DD0 /* UnityInfo.plist.in */ = {isa = PBXFileReference; lastKnownFileType = text.xml; path = UnityInfo.plist.in; sourceTree = "<group>"; };
		AFF2B45329A2093F00068DD0 /* unity.cpp */ = {isa = PBXFileReference; lastKnownFileType = sourcecode.cpp.cpp; path = unity.cpp; sourceTree = "<group>"; };
		AFF2B45429A2093F00068DD0 /* au.cpp */ = {isa = PBXFileReference; lastKnownFileType = sourcecode.cpp.cpp; path = au.cpp; sourceTree = "<group>"; };
		AFF2B45529A2093F00068DD0 /* PkgInfo */ = {isa = PBXFileReference; lastKnownFileType = text; path = PkgInfo; sourceTree = "<group>"; };
		AFF2B45629A2093F00068DD0 /* RNBO_JuceAudioProcessor.h */ = {isa = PBXFileReference; lastKnownFileType = sourcecode.c.h; path = RNBO_JuceAudioProcessor.h; sourceTree = "<group>"; };
		AFF2B45729A2093F00068DD0 /* RNBO_JuceAudioProcessorUtils.cpp */ = {isa = PBXFileReference; lastKnownFileType = sourcecode.cpp.cpp; path = RNBO_JuceAudioProcessorUtils.cpp; sourceTree = "<group>"; };
		AFF2B45829A2093F00068DD0 /* RNBO_JuceAudioProcessorUtils.h */ = {isa = PBXFileReference; lastKnownFileType = sourcecode.c.h; path = RNBO_JuceAudioProcessorUtils.h; sourceTree = "<group>"; };
		AFF2B45929A2093F00068DD0 /* RNBO_JuceAudioProcessorEditor.cpp */ = {isa = PBXFileReference; lastKnownFileType = sourcecode.cpp.cpp; path = RNBO_JuceAudioProcessorEditor.cpp; sourceTree = "<group>"; };
		AFF2B45A29A2093F00068DD0 /* RNBO_JuceAudioProcessorEditor.h */ = {isa = PBXFileReference; lastKnownFileType = sourcecode.c.h; path = RNBO_JuceAudioProcessorEditor.h; sourceTree = "<group>"; };
		AFF2B45C29A2093F00068DD0 /* RNBO_WebAssembly.cpp */ = {isa = PBXFileReference; lastKnownFileType = sourcecode.cpp.cpp; path = RNBO_WebAssembly.cpp; sourceTree = "<group>"; };
		AFF2B45E29A2093F00068DD0 /* rnbo_bufferref.cpp */ = {isa = PBXFileReference; lastKnownFileType = sourcecode.cpp.cpp; path = rnbo_bufferref.cpp; sourceTree = "<group>"; };
		AFF2B45F29A2093F00068DD0 /* RNBO_MaxPresetAdapter.cpp */ = {isa = PBXFileReference; lastKnownFileType = sourcecode.cpp.cpp; path = RNBO_MaxPresetAdapter.cpp; sourceTree = "<group>"; };
		AFF2B46029A2093F00068DD0 /* RNBO_MaxPresetAdapter.h */ = {isa = PBXFileReference; lastKnownFileType = sourcecode.c.h; path = RNBO_MaxPresetAdapter.h; sourceTree = "<group>"; };
		AFF2B46129A2093F00068DD0 /* rnbo_bufferref.h */ = {isa = PBXFileReference; lastKnownFileType = sourcecode.c.h; path = rnbo_bufferref.h; sourceTree = "<group>"; };
		AFF2B46429A2093F00068DD0 /* rnbo_external_wrapper.cpp */ = {isa = PBXFileReference; lastKnownFileType = sourcecode.cpp.cpp; path = rnbo_external_wrapper.cpp; sourceTree = "<group>"; };
		AFF2B46629A2093F00068DD0 /* RNBO_PatcherEventTarget.h */ = {isa = PBXFileReference; lastKnownFileType = sourcecode.c.h; path = RNBO_PatcherEventTarget.h; sourceTree = "<group>"; };
		AFF2B46729A2093F00068DD0 /* RNBO_Array.h */ = {isa = PBXFileReference; lastKnownFileType = sourcecode.c.h; path = RNBO_Array.h; sourceTree = "<group>"; };
		AFF2B46829A2093F00068DD0 /* RNBO_PatcherInterfaceImpl.h */ = {isa = PBXFileReference; lastKnownFileType = sourcecode.c.h; path = RNBO_PatcherInterfaceImpl.h; sourceTree = "<group>"; };
		AFF2B46929A2093F00068DD0 /* RNBO_MathFast.h */ = {isa = PBXFileReference; lastKnownFileType = sourcecode.c.h; path = RNBO_MathFast.h; sourceTree = "<group>"; };
		AFF2B46A29A2093F00068DD0 /* RNBO_BaseInterface.h */ = {isa = PBXFileReference; lastKnownFileType = sourcecode.c.h; path = RNBO_BaseInterface.h; sourceTree = "<group>"; };
		AFF2B46B29A2093F00068DD0 /* RNBO_ExternalBase.h */ = {isa = PBXFileReference; lastKnownFileType = sourcecode.c.h; path = RNBO_ExternalBase.h; sourceTree = "<group>"; };
		AFF2B46C29A2093F00068DD0 /* RNBO_Std.h */ = {isa = PBXFileReference; lastKnownFileType = sourcecode.c.h; path = RNBO_Std.h; sourceTree = "<group>"; };
		AFF2B46D29A2093F00068DD0 /* RNBO_MIDIHelper.h */ = {isa = PBXFileReference; lastKnownFileType = sourcecode.c.h; path = RNBO_MIDIHelper.h; sourceTree = "<group>"; };
		AFF2B46E29A2093F00068DD0 /* RNBO_ListHelpers.h */ = {isa = PBXFileReference; lastKnownFileType = sourcecode.c.h; path = RNBO_ListHelpers.h; sourceTree = "<group>"; };
		AFF2B46F29A2093F00068DD0 /* RNBO_AudioSignal.h */ = {isa = PBXFileReference; lastKnownFileType = sourcecode.c.h; path = RNBO_AudioSignal.h; sourceTree = "<group>"; };
		AFF2B47029A2093F00068DD0 /* RNBO_DataRef.h */ = {isa = PBXFileReference; lastKnownFileType = sourcecode.c.h; path = RNBO_DataRef.h; sourceTree = "<group>"; };
		AFF2B47129A2093F00068DD0 /* RNBO_EngineInterface.h */ = {isa = PBXFileReference; lastKnownFileType = sourcecode.c.h; path = RNBO_EngineInterface.h; sourceTree = "<group>"; };
		AFF2B47229A2093F00068DD0 /* RNBO_ParameterInterface.h */ = {isa = PBXFileReference; lastKnownFileType = sourcecode.c.h; path = RNBO_ParameterInterface.h; sourceTree = "<group>"; };
		AFF2B47329A2093F00068DD0 /* RNBO_EventTarget.h */ = {isa = PBXFileReference; lastKnownFileType = sourcecode.c.h; path = RNBO_EventTarget.h; sourceTree = "<group>"; };
		AFF2B47429A2093F00068DD0 /* RNBO_PlatformInterface.h */ = {isa = PBXFileReference; lastKnownFileType = sourcecode.c.h; path = RNBO_PlatformInterface.h; sourceTree = "<group>"; };
		AFF2B47529A2093F00068DD0 /* RNBO_Logger.h */ = {isa = PBXFileReference; lastKnownFileType = sourcecode.c.h; path = RNBO_Logger.h; sourceTree = "<group>"; };
		AFF2B47629A2093F00068DD0 /* RNBO_List.h */ = {isa = PBXFileReference; lastKnownFileType = sourcecode.c.h; path = RNBO_List.h; sourceTree = "<group>"; };
		AFF2B47729A2093F00068DD0 /* RNBO_Types.h */ = {isa = PBXFileReference; lastKnownFileType = sourcecode.c.h; path = RNBO_Types.h; sourceTree = "<group>"; };
		AFF2B47829A2093F00068DD0 /* RNBO_ProbingInterface.h */ = {isa = PBXFileReference; lastKnownFileType = sourcecode.c.h; path = RNBO_ProbingInterface.h; sourceTree = "<group>"; };
		AFF2B47929A2093F00068DD0 /* RNBO_PatcherStateInterface.h */ = {isa = PBXFileReference; lastKnownFileType = sourcecode.c.h; path = RNBO_PatcherStateInterface.h; sourceTree = "<group>"; };
		AFF2B47A29A2093F00068DD0 /* RNBO_Math.h */ = {isa = PBXFileReference; lastKnownFileType = sourcecode.c.h; path = RNBO_Math.h; sourceTree = "<group>"; };
		AFF2B47B29A2093F00068DD0 /* RNBO_String.h */ = {isa = PBXFileReference; lastKnownFileType = sourcecode.c.h; path = RNBO_String.h; sourceTree = "<group>"; };
		AFF2B47C29A2093F00068DD0 /* RNBO_ProcessInterface.h */ = {isa = PBXFileReference; lastKnownFileType = sourcecode.c.h; path = RNBO_ProcessInterface.h; sourceTree = "<group>"; };
		AFF2B47D29A2093F00068DD0 /* RNBO_CMath.h */ = {isa = PBXFileReference; lastKnownFileType = sourcecode.c.h; path = RNBO_CMath.h; sourceTree = "<group>"; };
		AFF2B47E29A2093F00068DD0 /* RNBO_Debug.h */ = {isa = PBXFileReference; lastKnownFileType = sourcecode.c.h; path = RNBO_Debug.h; sourceTree = "<group>"; };
		AFF2B47F29A2093F00068DD0 /* RNBO_CompilerMacros.h */ = {isa = PBXFileReference; lastKnownFileType = sourcecode.c.h; path = RNBO_CompilerMacros.h; sourceTree = "<group>"; };
		AFF2B48029A2093F00068DD0 /* RNBO_PatcherInterface.h */ = {isa = PBXFileReference; lastKnownFileType = sourcecode.c.h; path = RNBO_PatcherInterface.h; sourceTree = "<group>"; };
		AFF2B48129A2093F00068DD0 /* RNBO_PatcherFactory.h */ = {isa = PBXFileReference; lastKnownFileType = sourcecode.c.h; path = RNBO_PatcherFactory.h; sourceTree = "<group>"; };
		AFF2B48229A2093F00068DD0 /* RNBO_Common.h */ = {isa = PBXFileReference; lastKnownFileType = sourcecode.c.h; path = RNBO_Common.h; sourceTree = "<group>"; };
		AFF2B48329A2093F00068DD0 /* RNBO_Version.h */ = {isa = PBXFileReference; lastKnownFileType = sourcecode.c.h; path = RNBO_Version.h; sourceTree = "<group>"; };
		AFF2B48429A2093F00068DD0 /* RNBO_ExternalPtr.h */ = {isa = PBXFileReference; lastKnownFileType = sourcecode.c.h; path = RNBO_ExternalPtr.h; sourceTree = "<group>"; };
		AFF2B48529A2093F00068DD0 /* RNBO_EngineLink.h */ = {isa = PBXFileReference; lastKnownFileType = sourcecode.c.h; path = RNBO_EngineLink.h; sourceTree = "<group>"; };
		AFF2B48629A2093F00068DD0 /* RNBO_TimeConverter.h */ = {isa = PBXFileReference; lastKnownFileType = sourcecode.c.h; path = RNBO_TimeConverter.h; sourceTree = "<group>"; };
		AFF2B48729A2093F00068DD0 /* RNBO_UniquePtr.h */ = {isa = PBXFileReference; lastKnownFileType = sourcecode.c.h; path = RNBO_UniquePtr.h; sourceTree = "<group>"; };
		AFF2B48829A2093F00068DD0 /* version.cmake */ = {isa = PBXFileReference; lastKnownFileType = text; path = version.cmake; sourceTree = "<group>"; };
		AFF2B48929A2093F00068DD0 /* RNBO.cpp */ = {isa = PBXFileReference; lastKnownFileType = sourcecode.cpp.cpp; path = RNBO.cpp; sourceTree = "<group>"; };
		AFF2B48B29A2093F00068DD0 /* RNBO_PresetEvent.h */ = {isa = PBXFileReference; lastKnownFileType = sourcecode.c.h; path = RNBO_PresetEvent.h; sourceTree = "<group>"; };
		AFF2B48C29A2093F00068DD0 /* RNBO_EventList.h */ = {isa = PBXFileReference; lastKnownFileType = sourcecode.c.h; path = RNBO_EventList.h; sourceTree = "<group>"; };
		AFF2B48D29A2093F00068DD0 /* RNBO_DataBuffer.h */ = {isa = PBXFileReference; lastKnownFileType = sourcecode.c.h; path = RNBO_DataBuffer.h; sourceTree = "<group>"; };
		AFF2B48E29A2093F00068DD0 /* RNBO_MaxClang.h */ = {isa = PBXFileReference; lastKnownFileType = sourcecode.c.h; path = RNBO_MaxClang.h; sourceTree = "<group>"; };
		AFF2B48F29A2093F00068DD0 /* RNBO_FileChangeWatcher.cpp */ = {isa = PBXFileReference; lastKnownFileType = sourcecode.cpp.cpp; path = RNBO_FileChangeWatcher.cpp; sourceTree = "<group>"; };
		AFF2B49229A2093F00068DD0 /* RNBO_LoggerNoStdLib.cpp */ = {isa = PBXFileReference; lastKnownFileType = sourcecode.cpp.cpp; path = RNBO_LoggerNoStdLib.cpp; sourceTree = "<group>"; };
		AFF2B49329A2093F00068DD0 /* RNBO_PlatformInterfaceNoStdLib.cpp */ = {isa = PBXFileReference; lastKnownFileType = sourcecode.cpp.cpp; path = RNBO_PlatformInterfaceNoStdLib.cpp; sourceTree = "<group>"; };
		AFF2B49529A2093F00068DD0 /* RNBO_PlatformInterfaceStdLib.h */ = {isa = PBXFileReference; lastKnownFileType = sourcecode.c.h; path = RNBO_PlatformInterfaceStdLib.h; sourceTree = "<group>"; };
		AFF2B49629A2093F00068DD0 /* RNBO_NullPatcher.h */ = {isa = PBXFileReference; lastKnownFileType = sourcecode.c.h; path = RNBO_NullPatcher.h; sourceTree = "<group>"; };
		AFF2B49729A2093F00068DD0 /* RNBO_PresetList.cpp */ = {isa = PBXFileReference; lastKnownFileType = sourcecode.cpp.cpp; path = RNBO_PresetList.cpp; sourceTree = "<group>"; };
		AFF2B49829A2093F00068DD0 /* RNBO_ParameterInterfaceSync.h */ = {isa = PBXFileReference; lastKnownFileType = sourcecode.c.h; path = RNBO_ParameterInterfaceSync.h; sourceTree = "<group>"; };
		AFF2B49929A2093F00068DD0 /* RNBO_DynamicPatcherFactory.h */ = {isa = PBXFileReference; lastKnownFileType = sourcecode.c.h; path = RNBO_DynamicPatcherFactory.h; sourceTree = "<group>"; };
		AFF2B49A29A2093F00068DD0 /* RNBO_MessageEvent.h */ = {isa = PBXFileReference; lastKnownFileType = sourcecode.c.h; path = RNBO_MessageEvent.h; sourceTree = "<group>"; };
		AFF2B49B29A2093F00068DD0 /* RNBO_DataBuffer.cpp */ = {isa = PBXFileReference; lastKnownFileType = sourcecode.cpp.cpp; path = RNBO_DataBuffer.cpp; sourceTree = "<group>"; };
		AFF2B49C29A2093F00068DD0 /* RNBO_EngineCore.h */ = {isa = PBXFileReference; lastKnownFileType = sourcecode.c.h; path = RNBO_EngineCore.h; sourceTree = "<group>"; };
		AFF2B49D29A2093F00068DD0 /* RNBO_StartupEvent.h */ = {isa = PBXFileReference; lastKnownFileType = sourcecode.c.h; path = RNBO_StartupEvent.h; sourceTree = "<group>"; };
		AFF2B49E29A2093F00068DD0 /* RNBO_CoreObject.h */ = {isa = PBXFileReference; lastKnownFileType = sourcecode.c.h; path = RNBO_CoreObject.h; sourceTree = "<group>"; };
		AFF2B49F29A2093F00068DD0 /* RNBO_ParamNameHash.h */ = {isa = PBXFileReference; lastKnownFileType = sourcecode.c.h; path = RNBO_ParamNameHash.h; sourceTree = "<group>"; };
		AFF2B4A029A2093F00068DD0 /* RNBO_DynamicSymbolRegistry.h */ = {isa = PBXFileReference; lastKnownFileType = sourcecode.c.h; path = RNBO_DynamicSymbolRegistry.h; sourceTree = "<group>"; };
		AFF2B4A129A2093F00068DD0 /* RNBO_TimeSignatureEvent.h */ = {isa = PBXFileReference; lastKnownFileType = sourcecode.c.h; path = RNBO_TimeSignatureEvent.h; sourceTree = "<group>"; };
		AFF2B4A229A2093F00068DD0 /* RNBO_ClangInterface.h */ = {isa = PBXFileReference; lastKnownFileType = sourcecode.c.h; path = RNBO_ClangInterface.h; sourceTree = "<group>"; };
		AFF2B4A329A2093F00068DD0 /* RNBO_ParameterInterfaceSync.cpp */ = {isa = PBXFileReference; lastKnownFileType = sourcecode.cpp.cpp; path = RNBO_ParameterInterfaceSync.cpp; sourceTree = "<group>"; };
		AFF2B4A429A2093F00068DD0 /* RNBO_EventVariant.h */ = {isa = PBXFileReference; lastKnownFileType = sourcecode.c.h; path = RNBO_EventVariant.h; sourceTree = "<group>"; };
		AFF2B4A529A2093F00068DD0 /* RNBO_RemoteParameterClient.cpp */ = {isa = PBXFileReference; lastKnownFileType = sourcecode.cpp.cpp; path = RNBO_RemoteParameterClient.cpp; sourceTree = "<group>"; };
		AFF2B4A629A2093F00068DD0 /* RNBO_PatcherState.h */ = {isa = PBXFileReference; lastKnownFileType = sourcecode.c.h; path = RNBO_PatcherState.h; sourceTree = "<group>"; };
		AFF2B4A729A2093F00068DD0 /* RNBO_EventQueue.h */ = {isa = PBXFileReference; lastKnownFileType = sourcecode.c.h; path = RNBO_EventQueue.h; sourceTree = "<group>"; };
		AFF2B4A829A2093F00068DD0 /* RNBO_ExternalLoader.h */ = {isa = PBXFileReference; lastKnownFileType = sourcecode.c.h; path = RNBO_ExternalLoader.h; sourceTree = "<group>"; };
		AFF2B4A929A2093F00068DD0 /* RNBO_HardwareDevice.h */ = {isa = PBXFileReference; lastKnownFileType = sourcecode.c.h; path = RNBO_HardwareDevice.h; sourceTree = "<group>"; };
		AFF2B4AA29A2093F00068DD0 /* RNBO_EmptyEvent.h */ = {isa = PBXFileReference; lastKnownFileType = sourcecode.c.h; path = RNBO_EmptyEvent.h; sourceTree = "<group>"; };
		AFF2B4AB29A2093F00068DD0 /* RNBO_Engine.h */ = {isa = PBXFileReference; lastKnownFileType = sourcecode.c.h; path = RNBO_Engine.h; sourceTree = "<group>"; };
		AFF2B4AC29A2093F00068DD0 /* RNBO_UniversalEvent.h */ = {isa = PBXFileReference; lastKnownFileType = sourcecode.c.h; path = RNBO_UniversalEvent.h; sourceTree = "<group>"; };
		AFF2B4AD29A2093F00068DD0 /* RNBO_ExternalLoader.cpp */ = {isa = PBXFileReference; lastKnownFileType = sourcecode.cpp.cpp; path = RNBO_ExternalLoader.cpp; sourceTree = "<group>"; };
		AFF2B4AE29A2093F00068DD0 /* RNBO_ParameterEventQueue.h */ = {isa = PBXFileReference; lastKnownFileType = sourcecode.c.h; path = RNBO_ParameterEventQueue.h; sourceTree = "<group>"; };
		AFF2B4AF29A2093F00068DD0 /* RNBO_ParameterInterfaceAsync.h */ = {isa = PBXFileReference; lastKnownFileType = sourcecode.c.h; path = RNBO_ParameterInterfaceAsync.h; sourceTree = "<group>"; };
		AFF2B4B029A2093F00068DD0 /* RNBO_PatcherState.cpp */ = {isa = PBXFileReference; lastKnownFileType = sourcecode.cpp.cpp; path = RNBO_PatcherState.cpp; sourceTree = "<group>"; };
		AFF2B4B129A2093F00068DD0 /* RNBO_DataRefList.cpp */ = {isa = PBXFileReference; lastKnownFileType = sourcecode.cpp.cpp; path = RNBO_DataRefList.cpp; sourceTree = "<group>"; };
		AFF2B4B229A2093F00068DD0 /* RNBO_Config.h */ = {isa = PBXFileReference; lastKnownFileType = sourcecode.c.h; path = RNBO_Config.h; sourceTree = "<group>"; };
		AFF2B4B329A2093F00068DD0 /* RNBO_TempoEvent.h */ = {isa = PBXFileReference; lastKnownFileType = sourcecode.c.h; path = RNBO_TempoEvent.h; sourceTree = "<group>"; };
		AFF2B4B429A2093F00068DD0 /* RNBO_DataRefEvent.h */ = {isa = PBXFileReference; lastKnownFileType = sourcecode.c.h; path = RNBO_DataRefEvent.h; sourceTree = "<group>"; };
		AFF2B4B529A2093F00068DD0 /* RNBO_ParameterEvent.h */ = {isa = PBXFileReference; lastKnownFileType = sourcecode.c.h; path = RNBO_ParameterEvent.h; sourceTree = "<group>"; };
		AFF2B4B629A2093F00068DD0 /* RNBO_UnitTests.h */ = {isa = PBXFileReference; lastKnownFileType = sourcecode.c.h; path = RNBO_UnitTests.h; sourceTree = "<group>"; };
		AFF2B4B729A2093F00068DD0 /* RNBO_Vector.h */ = {isa = PBXFileReference; lastKnownFileType = sourcecode.c.h; path = RNBO_Vector.h; sourceTree = "<group>"; };
		AFF2B4B829A2093F00068DD0 /* RNBO_ExternalData.h */ = {isa = PBXFileReference; lastKnownFileType = sourcecode.c.h; path = RNBO_ExternalData.h; sourceTree = "<group>"; };
		AFF2B4B929A2093F00068DD0 /* RNBO_CoreObject.cpp */ = {isa = PBXFileReference; lastKnownFileType = sourcecode.cpp.cpp; path = RNBO_CoreObject.cpp; sourceTree = "<group>"; };
		AFF2B4BA29A2093F00068DD0 /* RNBO_PatcherFactory.cpp */ = {isa = PBXFileReference; lastKnownFileType = sourcecode.cpp.cpp; path = RNBO_PatcherFactory.cpp; sourceTree = "<group>"; };
		AFF2B4BB29A2093F00068DD0 /* RNBO_MidiStreamParser.h */ = {isa = PBXFileReference; lastKnownFileType = sourcecode.c.h; path = RNBO_MidiStreamParser.h; sourceTree = "<group>"; };
		AFF2B4BC29A2093F00068DD0 /* RNBO_Utils.h */ = {isa = PBXFileReference; lastKnownFileType = sourcecode.c.h; path = RNBO_Utils.h; sourceTree = "<group>"; };
		AFF2B4BD29A2093F00068DD0 /* RNBO_UnitTests.cpp */ = {isa = PBXFileReference; lastKnownFileType = sourcecode.cpp.cpp; path = RNBO_UnitTests.cpp; sourceTree = "<group>"; };
		AFF2B4BE29A2093F00068DD0 /* RNBO_ParameterInterfaceAsyncImpl.h */ = {isa = PBXFileReference; lastKnownFileType = sourcecode.c.h; path = RNBO_ParameterInterfaceAsyncImpl.h; sourceTree = "<group>"; };
		AFF2B4BF29A2093F00068DD0 /* RNBO_Engine.cpp */ = {isa = PBXFileReference; lastKnownFileType = sourcecode.cpp.cpp; path = RNBO_Engine.cpp; sourceTree = "<group>"; };
		AFF2B4C029A2093F00068DD0 /* RNBO_AudioBufferConverter.h */ = {isa = PBXFileReference; lastKnownFileType = sourcecode.c.h; path = RNBO_AudioBufferConverter.h; sourceTree = "<group>"; };
		AFF2B4C129A2093F00068DD0 /* RNBO_EventSender.h */ = {isa = PBXFileReference; lastKnownFileType = sourcecode.c.h; path = RNBO_EventSender.h; sourceTree = "<group>"; };
		AFF2B4C229A2093F00068DD0 /* RNBO_Logger.cpp */ = {isa = PBXFileReference; lastKnownFileType = sourcecode.cpp.cpp; path = RNBO_Logger.cpp; sourceTree = "<group>"; };
		AFF2B4C329A2093F00068DD0 /* RNBO_ServiceNotification.h */ = {isa = PBXFileReference; lastKnownFileType = sourcecode.c.h; path = RNBO_ServiceNotification.h; sourceTree = "<group>"; };
		AFF2B4C429A2093F00068DD0 /* RNBO_Presets.h */ = {isa = PBXFileReference; lastKnownFileType = sourcecode.c.h; path = RNBO_Presets.h; sourceTree = "<group>"; };
		AFF2B4C529A2093F00068DD0 /* RNBO_DataRefList.h */ = {isa = PBXFileReference; lastKnownFileType = sourcecode.c.h; path = RNBO_DataRefList.h; sourceTree = "<group>"; };
		AFF2B4C829A2093F00068DD0 /* LICENSE.md */ = {isa = PBXFileReference; lastKnownFileType = net.daringfireball.markdown; path = LICENSE.md; sourceTree = "<group>"; };
		AFF2B4CA29A2093F00068DD0 /* concurrentqueue_internal_debug.h */ = {isa = PBXFileReference; lastKnownFileType = sourcecode.c.h; path = concurrentqueue_internal_debug.h; sourceTree = "<group>"; };
		AFF2B4CB29A2093F00068DD0 /* lightweightsemaphore.h */ = {isa = PBXFileReference; lastKnownFileType = sourcecode.c.h; path = lightweightsemaphore.h; sourceTree = "<group>"; };
		AFF2B4CC29A2093F00068DD0 /* blockingconcurrentqueue.h */ = {isa = PBXFileReference; lastKnownFileType = sourcecode.c.h; path = blockingconcurrentqueue.h; sourceTree = "<group>"; };
		AFF2B4CD29A2093F00068DD0 /* concurrentqueue.h */ = {isa = PBXFileReference; lastKnownFileType = sourcecode.c.h; path = concurrentqueue.h; sourceTree = "<group>"; };
		AFF2B4CF29A2093F00068DD0 /* LICENSE.md */ = {isa = PBXFileReference; lastKnownFileType = net.daringfireball.markdown; path = LICENSE.md; sourceTree = "<group>"; };
		AFF2B4D029A2093F00068DD0 /* readerwriterqueue.h */ = {isa = PBXFileReference; lastKnownFileType = sourcecode.c.h; path = readerwriterqueue.h; sourceTree = "<group>"; };
		AFF2B4D129A2093F00068DD0 /* atomicops.h */ = {isa = PBXFileReference; lastKnownFileType = sourcecode.c.h; path = atomicops.h; sourceTree = "<group>"; };
		AFF2B4D329A2093F00068DD0 /* json.hpp */ = {isa = PBXFileReference; lastKnownFileType = sourcecode.cpp.h; path = json.hpp; sourceTree = "<group>"; };
		AFF2B4D529A2093F00068DD0 /* variant.hpp */ = {isa = PBXFileReference; lastKnownFileType = sourcecode.cpp.h; path = variant.hpp; sourceTree = "<group>"; };
		AFF2B4D629A2093F00068DD0 /* RNBO_PatcherEventSender.h */ = {isa = PBXFileReference; lastKnownFileType = sourcecode.c.h; path = RNBO_PatcherEventSender.h; sourceTree = "<group>"; };
		AFF2B4D729A2093F00068DD0 /* RNBO_ClockEvent.h */ = {isa = PBXFileReference; lastKnownFileType = sourcecode.c.h; path = RNBO_ClockEvent.h; sourceTree = "<group>"; };
		AFF2B4D829A2093F00068DD0 /* RNBO_ParameterInterfaceAsync.cpp */ = {isa = PBXFileReference; lastKnownFileType = sourcecode.cpp.cpp; path = RNBO_ParameterInterfaceAsync.cpp; sourceTree = "<group>"; };
		AFF2B4D929A2093F00068DD0 /* RNBO_PatcherStateDummy.h */ = {isa = PBXFileReference; lastKnownFileType = sourcecode.c.h; path = RNBO_PatcherStateDummy.h; sourceTree = "<group>"; };
		AFF2B4DA29A2093F00068DD0 /* RNBO_MaxClang.cpp */ = {isa = PBXFileReference; lastKnownFileType = sourcecode.cpp.cpp; path = RNBO_MaxClang.cpp; sourceTree = "<group>"; };
		AFF2B4DB29A2093F00068DD0 /* RNBO_DynamicPatcherFactory.cpp */ = {isa = PBXFileReference; lastKnownFileType = sourcecode.cpp.cpp; path = RNBO_DynamicPatcherFactory.cpp; sourceTree = "<group>"; };
		AFF2B4DC29A2093F00068DD0 /* RNBO_MidiEvent.h */ = {isa = PBXFileReference; lastKnownFileType = sourcecode.c.h; path = RNBO_MidiEvent.h; sourceTree = "<group>"; };
		AFF2B4DD29A2093F00068DD0 /* RNBO_PresetList.h */ = {isa = PBXFileReference; lastKnownFileType = sourcecode.c.h; path = RNBO_PresetList.h; sourceTree = "<group>"; };
		AFF2B4DE29A2093F00068DD0 /* RNBO_FileChangeWatcher.h */ = {isa = PBXFileReference; lastKnownFileType = sourcecode.c.h; path = RNBO_FileChangeWatcher.h; sourceTree = "<group>"; };
		AFF2B4DF29A2093F00068DD0 /* RNBO_BeatTimeEvent.h */ = {isa = PBXFileReference; lastKnownFileType = sourcecode.c.h; path = RNBO_BeatTimeEvent.h; sourceTree = "<group>"; };
		AFF2B4E029A2093F00068DD0 /* RNBO_TransportEvent.h */ = {isa = PBXFileReference; lastKnownFileType = sourcecode.c.h; path = RNBO_TransportEvent.h; sourceTree = "<group>"; };
		AFF2B4E129A2093F00068DD0 /* RNBO_OutletEvent.h */ = {isa = PBXFileReference; lastKnownFileType = sourcecode.c.h; path = RNBO_OutletEvent.h; sourceTree = "<group>"; };
		AFF2B4E229A2093F00068DD0 /* RNBO_List.cpp */ = {isa = PBXFileReference; lastKnownFileType = sourcecode.cpp.cpp; path = RNBO_List.cpp; sourceTree = "<group>"; };
		AFF2B4E329A2093F00068DD0 /* RNBO_PlatformInterfaceImpl.cpp */ = {isa = PBXFileReference; lastKnownFileType = sourcecode.cpp.cpp; path = RNBO_PlatformInterfaceImpl.cpp; sourceTree = "<group>"; };
		AFF2B4E429A2093F00068DD0 /* RNBO_ParameterEventInterface.h */ = {isa = PBXFileReference; lastKnownFileType = sourcecode.c.h; path = RNBO_ParameterEventInterface.h; sourceTree = "<group>"; };
		AFF2B4E529A2093F00068DD0 /* dependencies.json */ = {isa = PBXFileReference; lastKnownFileType = text.json; path = dependencies.json; sourceTree = "<group>"; };
		AFF2B4E629A2093F00068DD0 /* presets.json */ = {isa = PBXFileReference; lastKnownFileType = text.json; path = presets.json; sourceTree = "<group>"; };
		AFF2B4E729A2093F00068DD0 /* rnbo_source.cpp */ = {isa = PBXFileReference; lastKnownFileType = sourcecode.cpp.cpp; path = rnbo_source.cpp; sourceTree = "<group>"; };
		AFF2B4E829A2093F00068DD0 /* description.json */ = {isa = PBXFileReference; lastKnownFileType = text.json; path = description.json; sourceTree = "<group>"; };
		AFF2B4F429A2097600068DD0 /* media */ = {isa = PBXFileReference; lastKnownFileType = folder; path = media; sourceTree = "<group>"; };
		AFF2B4F729A20A3500068DD0 /* Sliders.swift */ = {isa = PBXFileReference; lastKnownFileType = sourcecode.swift; path = Sliders.swift; sourceTree = "<group>"; };
		AFF4B51F2A003A0800087CB8 /* RNBOExtensionBufferedAudioBus.hpp */ = {isa = PBXFileReference; lastKnownFileType = sourcecode.cpp.h; path = RNBOExtensionBufferedAudioBus.hpp; sourceTree = "<group>"; };
		AFF4B5212A0069D800087CB8 /* Synth.aif */ = {isa = PBXFileReference; lastKnownFileType = file; path = Synth.aif; sourceTree = "<group>"; };
		AFFCBE412B09019A00800A23 /* RNBODescription.swift */ = {isa = PBXFileReference; lastKnownFileType = sourcecode.swift; path = RNBODescription.swift; sourceTree = "<group>"; };
		AFFCBE432B09079000800A23 /* DescriptionView.swift */ = {isa = PBXFileReference; lastKnownFileType = sourcecode.swift; path = DescriptionView.swift; sourceTree = "<group>"; };
		AFFCBE452B09575300800A23 /* SliderView.swift */ = {isa = PBXFileReference; lastKnownFileType = sourcecode.swift; path = SliderView.swift; sourceTree = "<group>"; };
/* End PBXFileReference section */

/* Begin PBXFrameworksBuildPhase section */
		AFF2B41729A2090200068DD0 /* Frameworks */ = {
			isa = PBXFrameworksBuildPhase;
			buildActionMask = 2147483647;
			files = (
				AF4B409B2B06C4B100FAACBF /* Keyboard in Frameworks */,
			);
			runOnlyForDeploymentPostprocessing = 0;
		};
/* End PBXFrameworksBuildPhase section */

/* Begin PBXGroup section */
		AFF2B41129A2090200068DD0 = {
			isa = PBXGroup;
			children = (
				AFF2B41C29A2090200068DD0 /* SwiftRNBO_Example_multiplatfrom_SwiftUI */,
				AFF2B41B29A2090200068DD0 /* Products */,
			);
			sourceTree = "<group>";
		};
		AFF2B41B29A2090200068DD0 /* Products */ = {
			isa = PBXGroup;
			children = (
				AFF2B41A29A2090200068DD0 /* SwiftRNBO_Example_multiplatfrom_SwiftUI.app */,
			);
			name = Products;
			sourceTree = "<group>";
		};
		AFF2B41C29A2090200068DD0 /* SwiftRNBO_Example_multiplatfrom_SwiftUI */ = {
			isa = PBXGroup;
			children = (
				AFA214B62B20D01000BCD4E6 /* SwiftRNBO-Example-multiplatfrom-SwiftUI-Info.plist */,
				AFF2B42E29A2093F00068DD0 /* RNBO */,
				AFF2B41D29A2090200068DD0 /* SwiftRNBO_Example_multiplatfrom_SwiftUIApp.swift */,
				AFF2B41F29A2090200068DD0 /* ContentView.swift */,
				AFFCBE432B09079000800A23 /* DescriptionView.swift */,
				AFF2B4F729A20A3500068DD0 /* Sliders.swift */,
				AFFCBE452B09575300800A23 /* SliderView.swift */,
				AFEBC8E12B079BD80097D64B /* Buttons.swift */,
				AFEBC8E32B079C150097D64B /* AudioKitKeyboard.swift */,
				AFF2B42129A2090300068DD0 /* Assets.xcassets */,
				AFF2B42329A2090300068DD0 /* SwiftRNBO_Example_multiplatfrom_SwiftUI.entitlements */,
				AFF2B42429A2090300068DD0 /* Preview Content */,
			);
			path = SwiftRNBO_Example_multiplatfrom_SwiftUI;
			sourceTree = "<group>";
		};
		AFF2B42429A2090300068DD0 /* Preview Content */ = {
			isa = PBXGroup;
			children = (
				AFF2B42529A2090300068DD0 /* Preview Assets.xcassets */,
			);
			path = "Preview Content";
			sourceTree = "<group>";
		};
		AFF2B42E29A2093F00068DD0 /* RNBO */ = {
			isa = PBXGroup;
			children = (
				AFF2B42F29A2093F00068DD0 /* Interface */,
				AFF2B43329A2093F00068DD0 /* Bindings */,
				AFF2B43729A2093F00068DD0 /* Export */,
			);
			path = RNBO;
			sourceTree = "<group>";
		};
		AFF2B42F29A2093F00068DD0 /* Interface */ = {
			isa = PBXGroup;
			children = (
				AFF2B43129A2093F00068DD0 /* RNBOAudioUnitHostModel.swift */,
				AFFCBE412B09019A00800A23 /* RNBODescription.swift */,
				AFF2B43029A2093F00068DD0 /* RNBOParameter.swift */,
				AFF2B43229A2093F00068DD0 /* RNBOAudioEngine.swift */,
				AF4B40922B06326800FAACBF /* RNBOEventHandler.swift */,
				AF865DE72B0A381B0019FB28 /* MIDIHelpers.swift */,
				AFF4B5212A0069D800087CB8 /* Synth.aif */,
			);
			path = Interface;
			sourceTree = "<group>";
		};
		AFF2B43329A2093F00068DD0 /* Bindings */ = {
			isa = PBXGroup;
			children = (
				AFF2B43429A2093F00068DD0 /* RNBO-Bridging-Header.h */,
				AFF2B43629A2093F00068DD0 /* RNBOAudioUnit.h */,
				AFF2B43529A2093F00068DD0 /* RNBOAudioUnit.mm */,
				AFF4B51F2A003A0800087CB8 /* RNBOExtensionBufferedAudioBus.hpp */,
				AF4B408B2B061DDD00FAACBF /* RNBOEventHandler.hpp */,
				AF4B408E2B061DDD00FAACBF /* RNBOEventHandler.mm */,
				AF4B408D2B061DDD00FAACBF /* RNBOEventHandlerProtocol.h */,
				AF4B408C2B061DDD00FAACBF /* RNBOList.h */,
				AF4B408F2B061DDD00FAACBF /* RNBOList.mm */,
			);
			path = Bindings;
			sourceTree = "<group>";
		};
		AFF2B43729A2093F00068DD0 /* Export */ = {
			isa = PBXGroup;
			children = (
				AFF2B43829A2093F00068DD0 /* rnbo */,
				AFF2B4E529A2093F00068DD0 /* dependencies.json */,
				AFF2B4E629A2093F00068DD0 /* presets.json */,
				AFF2B4E729A2093F00068DD0 /* rnbo_source.cpp */,
				AFF2B4E829A2093F00068DD0 /* description.json */,
				AFF2B4F429A2097600068DD0 /* media */,
			);
			path = Export;
			sourceTree = "<group>";
		};
		AFF2B43829A2093F00068DD0 /* rnbo */ = {
			isa = PBXGroup;
			children = (
				AFF2B43929A2093F00068DD0 /* RNBO.h */,
				AFF2B43A29A2093F00068DD0 /* LICENSE */,
				AFF2B43B29A2093F00068DD0 /* test */,
				AFF2B43D29A2093F00068DD0 /* cmake */,
				AFF2B44629A2093F00068DD0 /* externals */,
				AFF2B44A29A2093F00068DD0 /* adapters */,
				AFF2B46529A2093F00068DD0 /* common */,
				AFF2B48829A2093F00068DD0 /* version.cmake */,
				AFF2B48929A2093F00068DD0 /* RNBO.cpp */,
				AFF2B48A29A2093F00068DD0 /* src */,
			);
			path = rnbo;
			sourceTree = "<group>";
		};
		AFF2B43B29A2093F00068DD0 /* test */ = {
			isa = PBXGroup;
			children = (
				AFF2B43C29A2093F00068DD0 /* main.cpp */,
			);
			path = test;
			sourceTree = "<group>";
		};
		AFF2B43D29A2093F00068DD0 /* cmake */ = {
			isa = PBXGroup;
			children = (
				AFF2B43E29A2093F00068DD0 /* RNBODescriptionHeader.cmake */,
				AFF2B43F29A2093F00068DD0 /* CCache.cmake */,
				AFF2B44029A2093F00068DD0 /* RNBOConan.cmake */,
				AFF2B44129A2093F00068DD0 /* conan.cmake */,
				AFF2B44229A2093F00068DD0 /* rnbo_description.h.in */,
				AFF2B44329A2093F00068DD0 /* SCCache.cmake */,
				AFF2B44429A2093F00068DD0 /* RNBOJuce.cmake */,
				AFF2B44529A2093F00068DD0 /* MinGWSTDThreads.cmake */,
			);
			path = cmake;
			sourceTree = "<group>";
		};
		AFF2B44629A2093F00068DD0 /* externals */ = {
			isa = PBXGroup;
			children = (
				AFF2B44729A2093F00068DD0 /* RNBO_External.h */,
				AFF2B44829A2093F00068DD0 /* RNBO_DllExternal.h */,
				AFF2B44929A2093F00068DD0 /* ext_rnbo.h */,
			);
			path = externals;
			sourceTree = "<group>";
		};
		AFF2B44A29A2093F00068DD0 /* adapters */ = {
			isa = PBXGroup;
			children = (
				AFF2B44B29A2093F00068DD0 /* juce */,
				AFF2B45B29A2093F00068DD0 /* wasm */,
				AFF2B45D29A2093F00068DD0 /* max */,
			);
			path = adapters;
			sourceTree = "<group>";
		};
		AFF2B44B29A2093F00068DD0 /* juce */ = {
			isa = PBXGroup;
			children = (
				AFF2B44C29A2093F00068DD0 /* RNBO_JuceAudioProcessor.cpp */,
				AFF2B44D29A2093F00068DD0 /* staticplugin */,
				AFF2B45629A2093F00068DD0 /* RNBO_JuceAudioProcessor.h */,
				AFF2B45729A2093F00068DD0 /* RNBO_JuceAudioProcessorUtils.cpp */,
				AFF2B45829A2093F00068DD0 /* RNBO_JuceAudioProcessorUtils.h */,
				AFF2B45929A2093F00068DD0 /* RNBO_JuceAudioProcessorEditor.cpp */,
				AFF2B45A29A2093F00068DD0 /* RNBO_JuceAudioProcessorEditor.h */,
			);
			path = juce;
			sourceTree = "<group>";
		};
		AFF2B44D29A2093F00068DD0 /* staticplugin */ = {
			isa = PBXGroup;
			children = (
				AFF2B44E29A2093F00068DD0 /* common.cpp */,
				AFF2B44F29A2093F00068DD0 /* AUInfo.plist.in */,
				AFF2B45029A2093F00068DD0 /* VST3Info.plist.in */,
				AFF2B45129A2093F00068DD0 /* vst3.cpp */,
				AFF2B45229A2093F00068DD0 /* UnityInfo.plist.in */,
				AFF2B45329A2093F00068DD0 /* unity.cpp */,
				AFF2B45429A2093F00068DD0 /* au.cpp */,
				AFF2B45529A2093F00068DD0 /* PkgInfo */,
			);
			path = staticplugin;
			sourceTree = "<group>";
		};
		AFF2B45B29A2093F00068DD0 /* wasm */ = {
			isa = PBXGroup;
			children = (
				AFF2B45C29A2093F00068DD0 /* RNBO_WebAssembly.cpp */,
			);
			path = wasm;
			sourceTree = "<group>";
		};
		AFF2B45D29A2093F00068DD0 /* max */ = {
			isa = PBXGroup;
			children = (
				AFF2B45E29A2093F00068DD0 /* rnbo_bufferref.cpp */,
				AFF2B45F29A2093F00068DD0 /* RNBO_MaxPresetAdapter.cpp */,
				AFF2B46029A2093F00068DD0 /* RNBO_MaxPresetAdapter.h */,
				AFF2B46129A2093F00068DD0 /* rnbo_bufferref.h */,
				AFF2B46229A2093F00068DD0 /* external */,
			);
			path = max;
			sourceTree = "<group>";
		};
		AFF2B46229A2093F00068DD0 /* external */ = {
			isa = PBXGroup;
			children = (
				AFF2B46329A2093F00068DD0 /* rnbo_external_wrapper */,
			);
			path = external;
			sourceTree = "<group>";
		};
		AFF2B46329A2093F00068DD0 /* rnbo_external_wrapper */ = {
			isa = PBXGroup;
			children = (
				AFF2B46429A2093F00068DD0 /* rnbo_external_wrapper.cpp */,
			);
			path = rnbo_external_wrapper;
			sourceTree = "<group>";
		};
		AFF2B46529A2093F00068DD0 /* common */ = {
			isa = PBXGroup;
			children = (
				AFF2B46629A2093F00068DD0 /* RNBO_PatcherEventTarget.h */,
				AFF2B46729A2093F00068DD0 /* RNBO_Array.h */,
				AFF2B46829A2093F00068DD0 /* RNBO_PatcherInterfaceImpl.h */,
				AFF2B46929A2093F00068DD0 /* RNBO_MathFast.h */,
				AFF2B46A29A2093F00068DD0 /* RNBO_BaseInterface.h */,
				AFF2B46B29A2093F00068DD0 /* RNBO_ExternalBase.h */,
				AFF2B46C29A2093F00068DD0 /* RNBO_Std.h */,
				AFF2B46D29A2093F00068DD0 /* RNBO_MIDIHelper.h */,
				AFF2B46E29A2093F00068DD0 /* RNBO_ListHelpers.h */,
				AFF2B46F29A2093F00068DD0 /* RNBO_AudioSignal.h */,
				AFF2B47029A2093F00068DD0 /* RNBO_DataRef.h */,
				AFF2B47129A2093F00068DD0 /* RNBO_EngineInterface.h */,
				AFF2B47229A2093F00068DD0 /* RNBO_ParameterInterface.h */,
				AFF2B47329A2093F00068DD0 /* RNBO_EventTarget.h */,
				AFF2B47429A2093F00068DD0 /* RNBO_PlatformInterface.h */,
				AFF2B47529A2093F00068DD0 /* RNBO_Logger.h */,
				AFF2B47629A2093F00068DD0 /* RNBO_List.h */,
				AFF2B47729A2093F00068DD0 /* RNBO_Types.h */,
				AFF2B47829A2093F00068DD0 /* RNBO_ProbingInterface.h */,
				AFF2B47929A2093F00068DD0 /* RNBO_PatcherStateInterface.h */,
				AFF2B47A29A2093F00068DD0 /* RNBO_Math.h */,
				AFF2B47B29A2093F00068DD0 /* RNBO_String.h */,
				AFF2B47C29A2093F00068DD0 /* RNBO_ProcessInterface.h */,
				AFF2B47D29A2093F00068DD0 /* RNBO_CMath.h */,
				AFF2B47E29A2093F00068DD0 /* RNBO_Debug.h */,
				AFF2B47F29A2093F00068DD0 /* RNBO_CompilerMacros.h */,
				AFF2B48029A2093F00068DD0 /* RNBO_PatcherInterface.h */,
				AFF2B48129A2093F00068DD0 /* RNBO_PatcherFactory.h */,
				AFF2B48229A2093F00068DD0 /* RNBO_Common.h */,
				AFF2B48329A2093F00068DD0 /* RNBO_Version.h */,
				AFF2B48429A2093F00068DD0 /* RNBO_ExternalPtr.h */,
				AFF2B48529A2093F00068DD0 /* RNBO_EngineLink.h */,
				AFF2B48629A2093F00068DD0 /* RNBO_TimeConverter.h */,
				AFF2B48729A2093F00068DD0 /* RNBO_UniquePtr.h */,
			);
			path = common;
			sourceTree = "<group>";
		};
		AFF2B48A29A2093F00068DD0 /* src */ = {
			isa = PBXGroup;
			children = (
				AFF2B48B29A2093F00068DD0 /* RNBO_PresetEvent.h */,
				AFF2B48C29A2093F00068DD0 /* RNBO_EventList.h */,
				AFF2B48D29A2093F00068DD0 /* RNBO_DataBuffer.h */,
				AFF2B48E29A2093F00068DD0 /* RNBO_MaxClang.h */,
				AFF2B48F29A2093F00068DD0 /* RNBO_FileChangeWatcher.cpp */,
				AFF2B49029A2093F00068DD0 /* platforms */,
				AFF2B49629A2093F00068DD0 /* RNBO_NullPatcher.h */,
				AFF2B49729A2093F00068DD0 /* RNBO_PresetList.cpp */,
				AFF2B49829A2093F00068DD0 /* RNBO_ParameterInterfaceSync.h */,
				AFF2B49929A2093F00068DD0 /* RNBO_DynamicPatcherFactory.h */,
				AFF2B49A29A2093F00068DD0 /* RNBO_MessageEvent.h */,
				AFF2B49B29A2093F00068DD0 /* RNBO_DataBuffer.cpp */,
				AFF2B49C29A2093F00068DD0 /* RNBO_EngineCore.h */,
				AFF2B49D29A2093F00068DD0 /* RNBO_StartupEvent.h */,
				AFF2B49E29A2093F00068DD0 /* RNBO_CoreObject.h */,
				AFF2B49F29A2093F00068DD0 /* RNBO_ParamNameHash.h */,
				AFF2B4A029A2093F00068DD0 /* RNBO_DynamicSymbolRegistry.h */,
				AFF2B4A129A2093F00068DD0 /* RNBO_TimeSignatureEvent.h */,
				AFF2B4A229A2093F00068DD0 /* RNBO_ClangInterface.h */,
				AFF2B4A329A2093F00068DD0 /* RNBO_ParameterInterfaceSync.cpp */,
				AFF2B4A429A2093F00068DD0 /* RNBO_EventVariant.h */,
				AFF2B4A529A2093F00068DD0 /* RNBO_RemoteParameterClient.cpp */,
				AFF2B4A629A2093F00068DD0 /* RNBO_PatcherState.h */,
				AFF2B4A729A2093F00068DD0 /* RNBO_EventQueue.h */,
				AFF2B4A829A2093F00068DD0 /* RNBO_ExternalLoader.h */,
				AFF2B4A929A2093F00068DD0 /* RNBO_HardwareDevice.h */,
				AFF2B4AA29A2093F00068DD0 /* RNBO_EmptyEvent.h */,
				AFF2B4AB29A2093F00068DD0 /* RNBO_Engine.h */,
				AFF2B4AC29A2093F00068DD0 /* RNBO_UniversalEvent.h */,
				AFF2B4AD29A2093F00068DD0 /* RNBO_ExternalLoader.cpp */,
				AFF2B4AE29A2093F00068DD0 /* RNBO_ParameterEventQueue.h */,
				AFF2B4AF29A2093F00068DD0 /* RNBO_ParameterInterfaceAsync.h */,
				AFF2B4B029A2093F00068DD0 /* RNBO_PatcherState.cpp */,
				AFF2B4B129A2093F00068DD0 /* RNBO_DataRefList.cpp */,
				AFF2B4B229A2093F00068DD0 /* RNBO_Config.h */,
				AFF2B4B329A2093F00068DD0 /* RNBO_TempoEvent.h */,
				AFF2B4B429A2093F00068DD0 /* RNBO_DataRefEvent.h */,
				AFF2B4B529A2093F00068DD0 /* RNBO_ParameterEvent.h */,
				AFF2B4B629A2093F00068DD0 /* RNBO_UnitTests.h */,
				AFF2B4B729A2093F00068DD0 /* RNBO_Vector.h */,
				AFF2B4B829A2093F00068DD0 /* RNBO_ExternalData.h */,
				AFF2B4B929A2093F00068DD0 /* RNBO_CoreObject.cpp */,
				AFF2B4BA29A2093F00068DD0 /* RNBO_PatcherFactory.cpp */,
				AFF2B4BB29A2093F00068DD0 /* RNBO_MidiStreamParser.h */,
				AFF2B4BC29A2093F00068DD0 /* RNBO_Utils.h */,
				AFF2B4BD29A2093F00068DD0 /* RNBO_UnitTests.cpp */,
				AFF2B4BE29A2093F00068DD0 /* RNBO_ParameterInterfaceAsyncImpl.h */,
				AFF2B4BF29A2093F00068DD0 /* RNBO_Engine.cpp */,
				AFF2B4C029A2093F00068DD0 /* RNBO_AudioBufferConverter.h */,
				AFF2B4C129A2093F00068DD0 /* RNBO_EventSender.h */,
				AFF2B4C229A2093F00068DD0 /* RNBO_Logger.cpp */,
				AFF2B4C329A2093F00068DD0 /* RNBO_ServiceNotification.h */,
				AFF2B4C429A2093F00068DD0 /* RNBO_Presets.h */,
				AFF2B4C529A2093F00068DD0 /* RNBO_DataRefList.h */,
				AFF2B4C629A2093F00068DD0 /* 3rdparty */,
				AFF2B4D629A2093F00068DD0 /* RNBO_PatcherEventSender.h */,
				AFF2B4D729A2093F00068DD0 /* RNBO_ClockEvent.h */,
				AFF2B4D829A2093F00068DD0 /* RNBO_ParameterInterfaceAsync.cpp */,
				AFF2B4D929A2093F00068DD0 /* RNBO_PatcherStateDummy.h */,
				AFF2B4DA29A2093F00068DD0 /* RNBO_MaxClang.cpp */,
				AFF2B4DB29A2093F00068DD0 /* RNBO_DynamicPatcherFactory.cpp */,
				AFF2B4DC29A2093F00068DD0 /* RNBO_MidiEvent.h */,
				AFF2B4DD29A2093F00068DD0 /* RNBO_PresetList.h */,
				AFF2B4DE29A2093F00068DD0 /* RNBO_FileChangeWatcher.h */,
				AFF2B4DF29A2093F00068DD0 /* RNBO_BeatTimeEvent.h */,
				AFF2B4E029A2093F00068DD0 /* RNBO_TransportEvent.h */,
				AFF2B4E129A2093F00068DD0 /* RNBO_OutletEvent.h */,
				AFF2B4E229A2093F00068DD0 /* RNBO_List.cpp */,
				AFF2B4E329A2093F00068DD0 /* RNBO_PlatformInterfaceImpl.cpp */,
				AFF2B4E429A2093F00068DD0 /* RNBO_ParameterEventInterface.h */,
			);
			path = src;
			sourceTree = "<group>";
		};
		AFF2B49029A2093F00068DD0 /* platforms */ = {
			isa = PBXGroup;
			children = (
				AFF2B49129A2093F00068DD0 /* nostdlib */,
				AFF2B49429A2093F00068DD0 /* stdlib */,
			);
			path = platforms;
			sourceTree = "<group>";
		};
		AFF2B49129A2093F00068DD0 /* nostdlib */ = {
			isa = PBXGroup;
			children = (
				AFF2B49229A2093F00068DD0 /* RNBO_LoggerNoStdLib.cpp */,
				AFF2B49329A2093F00068DD0 /* RNBO_PlatformInterfaceNoStdLib.cpp */,
			);
			path = nostdlib;
			sourceTree = "<group>";
		};
		AFF2B49429A2093F00068DD0 /* stdlib */ = {
			isa = PBXGroup;
			children = (
				AFF2B49529A2093F00068DD0 /* RNBO_PlatformInterfaceStdLib.h */,
			);
			path = stdlib;
			sourceTree = "<group>";
		};
		AFF2B4C629A2093F00068DD0 /* 3rdparty */ = {
			isa = PBXGroup;
			children = (
				AFF2B4C729A2093F00068DD0 /* concurrentqueue */,
				AFF2B4CE29A2093F00068DD0 /* readerwriterqueue */,
				AFF2B4D229A2093F00068DD0 /* json */,
				AFF2B4D429A2093F00068DD0 /* MPark_variant */,
			);
			path = 3rdparty;
			sourceTree = "<group>";
		};
		AFF2B4C729A2093F00068DD0 /* concurrentqueue */ = {
			isa = PBXGroup;
			children = (
				AFF2B4C829A2093F00068DD0 /* LICENSE.md */,
				AFF2B4C929A2093F00068DD0 /* internal */,
				AFF2B4CB29A2093F00068DD0 /* lightweightsemaphore.h */,
				AFF2B4CC29A2093F00068DD0 /* blockingconcurrentqueue.h */,
				AFF2B4CD29A2093F00068DD0 /* concurrentqueue.h */,
			);
			path = concurrentqueue;
			sourceTree = "<group>";
		};
		AFF2B4C929A2093F00068DD0 /* internal */ = {
			isa = PBXGroup;
			children = (
				AFF2B4CA29A2093F00068DD0 /* concurrentqueue_internal_debug.h */,
			);
			path = internal;
			sourceTree = "<group>";
		};
		AFF2B4CE29A2093F00068DD0 /* readerwriterqueue */ = {
			isa = PBXGroup;
			children = (
				AFF2B4CF29A2093F00068DD0 /* LICENSE.md */,
				AFF2B4D029A2093F00068DD0 /* readerwriterqueue.h */,
				AFF2B4D129A2093F00068DD0 /* atomicops.h */,
			);
			path = readerwriterqueue;
			sourceTree = "<group>";
		};
		AFF2B4D229A2093F00068DD0 /* json */ = {
			isa = PBXGroup;
			children = (
				AFF2B4D329A2093F00068DD0 /* json.hpp */,
			);
			path = json;
			sourceTree = "<group>";
		};
		AFF2B4D429A2093F00068DD0 /* MPark_variant */ = {
			isa = PBXGroup;
			children = (
				AFF2B4D529A2093F00068DD0 /* variant.hpp */,
			);
			path = MPark_variant;
			sourceTree = "<group>";
		};
/* End PBXGroup section */

/* Begin PBXNativeTarget section */
		AFF2B41929A2090200068DD0 /* SwiftRNBO_Example_multiplatfrom_SwiftUI */ = {
			isa = PBXNativeTarget;
			buildConfigurationList = AFF2B42929A2090300068DD0 /* Build configuration list for PBXNativeTarget "SwiftRNBO_Example_multiplatfrom_SwiftUI" */;
			buildPhases = (
				AFF2B41629A2090200068DD0 /* Sources */,
				AFF2B41729A2090200068DD0 /* Frameworks */,
				AFF2B41829A2090200068DD0 /* Resources */,
			);
			buildRules = (
			);
			dependencies = (
			);
			name = SwiftRNBO_Example_multiplatfrom_SwiftUI;
			packageProductDependencies = (
				AF4B409A2B06C4B100FAACBF /* Keyboard */,
			);
			productName = SwiftRNBO_Example_multiplatfrom_SwiftUI;
			productReference = AFF2B41A29A2090200068DD0 /* SwiftRNBO_Example_multiplatfrom_SwiftUI.app */;
			productType = "com.apple.product-type.application";
		};
/* End PBXNativeTarget section */

/* Begin PBXProject section */
		AFF2B41229A2090200068DD0 /* Project object */ = {
			isa = PBXProject;
			attributes = {
				BuildIndependentTargetsInParallel = 1;
				LastSwiftUpdateCheck = 1420;
				LastUpgradeCheck = 1500;
				TargetAttributes = {
					AFF2B41929A2090200068DD0 = {
						CreatedOnToolsVersion = 14.2;
					};
				};
			};
			buildConfigurationList = AFF2B41529A2090200068DD0 /* Build configuration list for PBXProject "SwiftRNBO_Example_multiplatfrom_SwiftUI" */;
			compatibilityVersion = "Xcode 14.0";
			developmentRegion = en;
			hasScannedForEncodings = 0;
			knownRegions = (
				en,
				Base,
			);
			mainGroup = AFF2B41129A2090200068DD0;
			packageReferences = (
				AF4B40992B06C4B100FAACBF /* XCRemoteSwiftPackageReference "Keyboard" */,
			);
			productRefGroup = AFF2B41B29A2090200068DD0 /* Products */;
			projectDirPath = "";
			projectRoot = "";
			targets = (
				AFF2B41929A2090200068DD0 /* SwiftRNBO_Example_multiplatfrom_SwiftUI */,
			);
		};
/* End PBXProject section */

/* Begin PBXResourcesBuildPhase section */
		AFF2B41829A2090200068DD0 /* Resources */ = {
			isa = PBXResourcesBuildPhase;
			buildActionMask = 2147483647;
			files = (
				AFF2B4EF29A2094D00068DD0 /* dependencies.json in Resources */,
				AFF2B42629A2090300068DD0 /* Preview Assets.xcassets in Resources */,
				AFF4B5222A006A8200087CB8 /* Synth.aif in Resources */,
				AFF2B4F129A2094D00068DD0 /* description.json in Resources */,
				AFF2B4F529A2097600068DD0 /* media in Resources */,
				AFF2B4F029A2094D00068DD0 /* presets.json in Resources */,
				AFF2B42229A2090300068DD0 /* Assets.xcassets in Resources */,
			);
			runOnlyForDeploymentPostprocessing = 0;
		};
/* End PBXResourcesBuildPhase section */

/* Begin PBXSourcesBuildPhase section */
		AFF2B41629A2090200068DD0 /* Sources */ = {
			isa = PBXSourcesBuildPhase;
			buildActionMask = 2147483647;
			files = (
				AFF2B4FA29A20A3900068DD0 /* Sliders.swift in Sources */,
				AFF2B4ED29A2094600068DD0 /* RNBOAudioUnitHostModel.swift in Sources */,
				AF865DE82B0A381B0019FB28 /* MIDIHelpers.swift in Sources */,
				AF4B40902B061DDD00FAACBF /* RNBOEventHandler.mm in Sources */,
				AFEBC8E22B079BD80097D64B /* Buttons.swift in Sources */,
				AFF2B4F229A2094D00068DD0 /* rnbo_source.cpp in Sources */,
				AF4B40932B06326800FAACBF /* RNBOEventHandler.swift in Sources */,
				AFEBC8E42B079C150097D64B /* AudioKitKeyboard.swift in Sources */,
				AFFCBE462B09575300800A23 /* SliderView.swift in Sources */,
				AFF2B4F329A2095300068DD0 /* RNBO.cpp in Sources */,
				AFF2B4EE29A2094900068DD0 /* RNBOAudioUnit.mm in Sources */,
				AFF2B4EC29A2094600068DD0 /* RNBOParameter.swift in Sources */,
				AF4B40912B061DDD00FAACBF /* RNBOList.mm in Sources */,
				AFFCBE422B09019A00800A23 /* RNBODescription.swift in Sources */,
				AFF2B42029A2090200068DD0 /* ContentView.swift in Sources */,
				AFF2B4EB29A2094600068DD0 /* RNBOAudioEngine.swift in Sources */,
				AFF2B41E29A2090200068DD0 /* SwiftRNBO_Example_multiplatfrom_SwiftUIApp.swift in Sources */,
				AFFCBE442B09079000800A23 /* DescriptionView.swift in Sources */,
			);
			runOnlyForDeploymentPostprocessing = 0;
		};
/* End PBXSourcesBuildPhase section */

/* Begin XCBuildConfiguration section */
		AFF2B42729A2090300068DD0 /* Debug */ = {
			isa = XCBuildConfiguration;
			buildSettings = {
				ALWAYS_SEARCH_USER_PATHS = NO;
				ASSETCATALOG_COMPILER_GENERATE_SWIFT_ASSET_SYMBOL_EXTENSIONS = YES;
				CLANG_ANALYZER_NONNULL = YES;
				CLANG_ANALYZER_NUMBER_OBJECT_CONVERSION = YES_AGGRESSIVE;
				CLANG_CXX_LANGUAGE_STANDARD = "gnu++20";
				CLANG_ENABLE_MODULES = YES;
				CLANG_ENABLE_OBJC_ARC = YES;
				CLANG_ENABLE_OBJC_WEAK = YES;
				CLANG_WARN_BLOCK_CAPTURE_AUTORELEASING = YES;
				CLANG_WARN_BOOL_CONVERSION = YES;
				CLANG_WARN_COMMA = YES;
				CLANG_WARN_CONSTANT_CONVERSION = YES;
				CLANG_WARN_DEPRECATED_OBJC_IMPLEMENTATIONS = YES;
				CLANG_WARN_DIRECT_OBJC_ISA_USAGE = YES_ERROR;
				CLANG_WARN_DOCUMENTATION_COMMENTS = YES;
				CLANG_WARN_EMPTY_BODY = YES;
				CLANG_WARN_ENUM_CONVERSION = YES;
				CLANG_WARN_INFINITE_RECURSION = YES;
				CLANG_WARN_INT_CONVERSION = YES;
				CLANG_WARN_NON_LITERAL_NULL_CONVERSION = YES;
				CLANG_WARN_OBJC_IMPLICIT_RETAIN_SELF = YES;
				CLANG_WARN_OBJC_LITERAL_CONVERSION = YES;
				CLANG_WARN_OBJC_ROOT_CLASS = YES_ERROR;
				CLANG_WARN_QUOTED_INCLUDE_IN_FRAMEWORK_HEADER = YES;
				CLANG_WARN_RANGE_LOOP_ANALYSIS = YES;
				CLANG_WARN_STRICT_PROTOTYPES = YES;
				CLANG_WARN_SUSPICIOUS_MOVE = YES;
				CLANG_WARN_UNGUARDED_AVAILABILITY = YES_AGGRESSIVE;
				CLANG_WARN_UNREACHABLE_CODE = YES;
				CLANG_WARN__DUPLICATE_METHOD_MATCH = YES;
				COPY_PHASE_STRIP = NO;
				DEAD_CODE_STRIPPING = YES;
				DEBUG_INFORMATION_FORMAT = dwarf;
				ENABLE_STRICT_OBJC_MSGSEND = YES;
				ENABLE_TESTABILITY = YES;
				ENABLE_USER_SCRIPT_SANDBOXING = YES;
				GCC_C_LANGUAGE_STANDARD = gnu11;
				GCC_DYNAMIC_NO_PIC = NO;
				GCC_NO_COMMON_BLOCKS = YES;
				GCC_OPTIMIZATION_LEVEL = 0;
				GCC_PREPROCESSOR_DEFINITIONS = (
					"DEBUG=1",
					"$(inherited)",
				);
				GCC_WARN_64_TO_32_BIT_CONVERSION = YES;
				GCC_WARN_ABOUT_RETURN_TYPE = YES_ERROR;
				GCC_WARN_UNDECLARED_SELECTOR = YES;
				GCC_WARN_UNINITIALIZED_AUTOS = YES_AGGRESSIVE;
				GCC_WARN_UNUSED_FUNCTION = YES;
				GCC_WARN_UNUSED_VARIABLE = YES;
				MTL_ENABLE_DEBUG_INFO = INCLUDE_SOURCE;
				MTL_FAST_MATH = YES;
				ONLY_ACTIVE_ARCH = YES;
				SWIFT_ACTIVE_COMPILATION_CONDITIONS = DEBUG;
				SWIFT_OPTIMIZATION_LEVEL = "-Onone";
			};
			name = Debug;
		};
		AFF2B42829A2090300068DD0 /* Release */ = {
			isa = XCBuildConfiguration;
			buildSettings = {
				ALWAYS_SEARCH_USER_PATHS = NO;
				ASSETCATALOG_COMPILER_GENERATE_SWIFT_ASSET_SYMBOL_EXTENSIONS = YES;
				CLANG_ANALYZER_NONNULL = YES;
				CLANG_ANALYZER_NUMBER_OBJECT_CONVERSION = YES_AGGRESSIVE;
				CLANG_CXX_LANGUAGE_STANDARD = "gnu++20";
				CLANG_ENABLE_MODULES = YES;
				CLANG_ENABLE_OBJC_ARC = YES;
				CLANG_ENABLE_OBJC_WEAK = YES;
				CLANG_WARN_BLOCK_CAPTURE_AUTORELEASING = YES;
				CLANG_WARN_BOOL_CONVERSION = YES;
				CLANG_WARN_COMMA = YES;
				CLANG_WARN_CONSTANT_CONVERSION = YES;
				CLANG_WARN_DEPRECATED_OBJC_IMPLEMENTATIONS = YES;
				CLANG_WARN_DIRECT_OBJC_ISA_USAGE = YES_ERROR;
				CLANG_WARN_DOCUMENTATION_COMMENTS = YES;
				CLANG_WARN_EMPTY_BODY = YES;
				CLANG_WARN_ENUM_CONVERSION = YES;
				CLANG_WARN_INFINITE_RECURSION = YES;
				CLANG_WARN_INT_CONVERSION = YES;
				CLANG_WARN_NON_LITERAL_NULL_CONVERSION = YES;
				CLANG_WARN_OBJC_IMPLICIT_RETAIN_SELF = YES;
				CLANG_WARN_OBJC_LITERAL_CONVERSION = YES;
				CLANG_WARN_OBJC_ROOT_CLASS = YES_ERROR;
				CLANG_WARN_QUOTED_INCLUDE_IN_FRAMEWORK_HEADER = YES;
				CLANG_WARN_RANGE_LOOP_ANALYSIS = YES;
				CLANG_WARN_STRICT_PROTOTYPES = YES;
				CLANG_WARN_SUSPICIOUS_MOVE = YES;
				CLANG_WARN_UNGUARDED_AVAILABILITY = YES_AGGRESSIVE;
				CLANG_WARN_UNREACHABLE_CODE = YES;
				CLANG_WARN__DUPLICATE_METHOD_MATCH = YES;
				COPY_PHASE_STRIP = NO;
				DEAD_CODE_STRIPPING = YES;
				DEBUG_INFORMATION_FORMAT = "dwarf-with-dsym";
				ENABLE_NS_ASSERTIONS = NO;
				ENABLE_STRICT_OBJC_MSGSEND = YES;
				ENABLE_USER_SCRIPT_SANDBOXING = YES;
				GCC_C_LANGUAGE_STANDARD = gnu11;
				GCC_NO_COMMON_BLOCKS = YES;
				GCC_WARN_64_TO_32_BIT_CONVERSION = YES;
				GCC_WARN_ABOUT_RETURN_TYPE = YES_ERROR;
				GCC_WARN_UNDECLARED_SELECTOR = YES;
				GCC_WARN_UNINITIALIZED_AUTOS = YES_AGGRESSIVE;
				GCC_WARN_UNUSED_FUNCTION = YES;
				GCC_WARN_UNUSED_VARIABLE = YES;
				MTL_ENABLE_DEBUG_INFO = NO;
				MTL_FAST_MATH = YES;
				SWIFT_COMPILATION_MODE = wholemodule;
				SWIFT_OPTIMIZATION_LEVEL = "-O";
			};
			name = Release;
		};
		AFF2B42A29A2090300068DD0 /* Debug */ = {
			isa = XCBuildConfiguration;
			buildSettings = {
				ASSETCATALOG_COMPILER_APPICON_NAME = AppIcon;
				ASSETCATALOG_COMPILER_GLOBAL_ACCENT_COLOR_NAME = AccentColor;
				CODE_SIGN_ENTITLEMENTS = SwiftRNBO_Example_multiplatfrom_SwiftUI/SwiftRNBO_Example_multiplatfrom_SwiftUI.entitlements;
				CODE_SIGN_STYLE = Automatic;
				CURRENT_PROJECT_VERSION = 1;
				DEAD_CODE_STRIPPING = YES;
				DEVELOPMENT_ASSET_PATHS = "\"SwiftRNBO_Example_multiplatfrom_SwiftUI/Preview Content\"";
				DEVELOPMENT_TEAM = NMWUM834MV;
				ENABLE_HARDENED_RUNTIME = YES;
				"ENABLE_HARDENED_RUNTIME[sdk=macosx*]" = YES;
				ENABLE_PREVIEWS = YES;
				GENERATE_INFOPLIST_FILE = YES;
				HEADER_SEARCH_PATHS = "${PRODUCT_NAME}/RNBO/export/**";
				INFOPLIST_FILE = "SwiftRNBO-Example-multiplatfrom-SwiftUI-Info.plist";
				INFOPLIST_KEY_LSApplicationCategoryType = "public.app-category.music";
				INFOPLIST_KEY_NSMicrophoneUsageDescription = "This app uses microphone.";
				"INFOPLIST_KEY_UIApplicationSceneManifest_Generation[sdk=iphoneos*]" = YES;
				"INFOPLIST_KEY_UIApplicationSceneManifest_Generation[sdk=iphonesimulator*]" = YES;
				"INFOPLIST_KEY_UIApplicationSupportsIndirectInputEvents[sdk=iphoneos*]" = YES;
				"INFOPLIST_KEY_UIApplicationSupportsIndirectInputEvents[sdk=iphonesimulator*]" = YES;
				"INFOPLIST_KEY_UILaunchScreen_Generation[sdk=iphoneos*]" = YES;
				"INFOPLIST_KEY_UILaunchScreen_Generation[sdk=iphonesimulator*]" = YES;
				"INFOPLIST_KEY_UIStatusBarStyle[sdk=iphoneos*]" = UIStatusBarStyleDefault;
				"INFOPLIST_KEY_UIStatusBarStyle[sdk=iphonesimulator*]" = UIStatusBarStyleDefault;
				INFOPLIST_KEY_UISupportedInterfaceOrientations_iPad = "UIInterfaceOrientationPortrait UIInterfaceOrientationPortraitUpsideDown UIInterfaceOrientationLandscapeLeft UIInterfaceOrientationLandscapeRight";
				INFOPLIST_KEY_UISupportedInterfaceOrientations_iPhone = "UIInterfaceOrientationPortrait UIInterfaceOrientationLandscapeLeft UIInterfaceOrientationLandscapeRight";
				IPHONEOS_DEPLOYMENT_TARGET = 16.1;
				LD_RUNPATH_SEARCH_PATHS = "@executable_path/Frameworks";
				"LD_RUNPATH_SEARCH_PATHS[sdk=macosx*]" = "@executable_path/../Frameworks";
				MACOSX_DEPLOYMENT_TARGET = 13.1;
				MARKETING_VERSION = 1.0;
				PRODUCT_BUNDLE_IDENTIFIER = "com.eldarsadykov.SwiftRNBO-Example-multiplatfrom-SwiftUI";
				PRODUCT_NAME = "$(TARGET_NAME)";
				SDKROOT = auto;
				SUPPORTED_PLATFORMS = "appletvos appletvsimulator iphoneos iphonesimulator macosx";
				SUPPORTS_MACCATALYST = NO;
				SUPPORTS_MAC_DESIGNED_FOR_IPHONE_IPAD = NO;
				SWIFT_EMIT_LOC_STRINGS = YES;
				SWIFT_OBJC_BRIDGING_HEADER = "${PRODUCT_NAME}/RNBO/Bindings/RNBO-Bridging-Header.h";
				SWIFT_VERSION = 5.0;
				TARGETED_DEVICE_FAMILY = "1,2,3";
				TVOS_DEPLOYMENT_TARGET = 17.0;
			};
			name = Debug;
		};
		AFF2B42B29A2090300068DD0 /* Release */ = {
			isa = XCBuildConfiguration;
			buildSettings = {
				ASSETCATALOG_COMPILER_APPICON_NAME = AppIcon;
				ASSETCATALOG_COMPILER_GLOBAL_ACCENT_COLOR_NAME = AccentColor;
				CODE_SIGN_ENTITLEMENTS = SwiftRNBO_Example_multiplatfrom_SwiftUI/SwiftRNBO_Example_multiplatfrom_SwiftUI.entitlements;
				CODE_SIGN_STYLE = Automatic;
				CURRENT_PROJECT_VERSION = 1;
				DEAD_CODE_STRIPPING = YES;
				DEVELOPMENT_ASSET_PATHS = "\"SwiftRNBO_Example_multiplatfrom_SwiftUI/Preview Content\"";
				DEVELOPMENT_TEAM = NMWUM834MV;
				ENABLE_HARDENED_RUNTIME = YES;
				"ENABLE_HARDENED_RUNTIME[sdk=macosx*]" = YES;
				ENABLE_PREVIEWS = YES;
				GENERATE_INFOPLIST_FILE = YES;
				HEADER_SEARCH_PATHS = "${PRODUCT_NAME}/RNBO/export/**";
				INFOPLIST_FILE = "SwiftRNBO-Example-multiplatfrom-SwiftUI-Info.plist";
				INFOPLIST_KEY_LSApplicationCategoryType = "public.app-category.music";
				INFOPLIST_KEY_NSMicrophoneUsageDescription = "This app uses microphone.";
				"INFOPLIST_KEY_UIApplicationSceneManifest_Generation[sdk=iphoneos*]" = YES;
				"INFOPLIST_KEY_UIApplicationSceneManifest_Generation[sdk=iphonesimulator*]" = YES;
				"INFOPLIST_KEY_UIApplicationSupportsIndirectInputEvents[sdk=iphoneos*]" = YES;
				"INFOPLIST_KEY_UIApplicationSupportsIndirectInputEvents[sdk=iphonesimulator*]" = YES;
				"INFOPLIST_KEY_UILaunchScreen_Generation[sdk=iphoneos*]" = YES;
				"INFOPLIST_KEY_UILaunchScreen_Generation[sdk=iphonesimulator*]" = YES;
				"INFOPLIST_KEY_UIStatusBarStyle[sdk=iphoneos*]" = UIStatusBarStyleDefault;
				"INFOPLIST_KEY_UIStatusBarStyle[sdk=iphonesimulator*]" = UIStatusBarStyleDefault;
				INFOPLIST_KEY_UISupportedInterfaceOrientations_iPad = "UIInterfaceOrientationPortrait UIInterfaceOrientationPortraitUpsideDown UIInterfaceOrientationLandscapeLeft UIInterfaceOrientationLandscapeRight";
				INFOPLIST_KEY_UISupportedInterfaceOrientations_iPhone = "UIInterfaceOrientationPortrait UIInterfaceOrientationLandscapeLeft UIInterfaceOrientationLandscapeRight";
				IPHONEOS_DEPLOYMENT_TARGET = 16.1;
				LD_RUNPATH_SEARCH_PATHS = "@executable_path/Frameworks";
				"LD_RUNPATH_SEARCH_PATHS[sdk=macosx*]" = "@executable_path/../Frameworks";
				MACOSX_DEPLOYMENT_TARGET = 13.1;
				MARKETING_VERSION = 1.0;
				PRODUCT_BUNDLE_IDENTIFIER = "com.eldarsadykov.SwiftRNBO-Example-multiplatfrom-SwiftUI";
				PRODUCT_NAME = "$(TARGET_NAME)";
				SDKROOT = auto;
				SUPPORTED_PLATFORMS = "appletvos appletvsimulator iphoneos iphonesimulator macosx";
				SUPPORTS_MACCATALYST = NO;
				SUPPORTS_MAC_DESIGNED_FOR_IPHONE_IPAD = NO;
				SWIFT_EMIT_LOC_STRINGS = YES;
				SWIFT_OBJC_BRIDGING_HEADER = "${PRODUCT_NAME}/RNBO/Bindings/RNBO-Bridging-Header.h";
				SWIFT_VERSION = 5.0;
				TARGETED_DEVICE_FAMILY = "1,2,3";
				TVOS_DEPLOYMENT_TARGET = 17.0;
			};
			name = Release;
		};
/* End XCBuildConfiguration section */

/* Begin XCConfigurationList section */
		AFF2B41529A2090200068DD0 /* Build configuration list for PBXProject "SwiftRNBO_Example_multiplatfrom_SwiftUI" */ = {
			isa = XCConfigurationList;
			buildConfigurations = (
				AFF2B42729A2090300068DD0 /* Debug */,
				AFF2B42829A2090300068DD0 /* Release */,
			);
			defaultConfigurationIsVisible = 0;
			defaultConfigurationName = Release;
		};
		AFF2B42929A2090300068DD0 /* Build configuration list for PBXNativeTarget "SwiftRNBO_Example_multiplatfrom_SwiftUI" */ = {
			isa = XCConfigurationList;
			buildConfigurations = (
				AFF2B42A29A2090300068DD0 /* Debug */,
				AFF2B42B29A2090300068DD0 /* Release */,
			);
			defaultConfigurationIsVisible = 0;
			defaultConfigurationName = Release;
		};
/* End XCConfigurationList section */

/* Begin XCRemoteSwiftPackageReference section */
		AF4B40992B06C4B100FAACBF /* XCRemoteSwiftPackageReference "Keyboard" */ = {
			isa = XCRemoteSwiftPackageReference;
			repositoryURL = "https://github.com/AudioKit/Keyboard.git";
			requirement = {
				kind = upToNextMajorVersion;
				minimumVersion = 1.3.6;
			};
		};
/* End XCRemoteSwiftPackageReference section */

/* Begin XCSwiftPackageProductDependency section */
		AF4B409A2B06C4B100FAACBF /* Keyboard */ = {
			isa = XCSwiftPackageProductDependency;
			package = AF4B40992B06C4B100FAACBF /* XCRemoteSwiftPackageReference "Keyboard" */;
			productName = Keyboard;
		};
/* End XCSwiftPackageProductDependency section */
	};
	rootObject = AFF2B41229A2090200068DD0 /* Project object */;
}
